// !$*UTF8*$!
{
	archiveVersion = 1;
	classes = {
	};
	objectVersion = 50;
	objects = {

/* Begin PBXBuildFile section */
		0905E8A120F2C8F200D1ED41 /* AppDelegate.swift in Sources */ = {isa = PBXBuildFile; fileRef = 0905E8A020F2C8F200D1ED41 /* AppDelegate.swift */; };
		0905E8A320F2C8F200D1ED41 /* ViewController.swift in Sources */ = {isa = PBXBuildFile; fileRef = 0905E8A220F2C8F200D1ED41 /* ViewController.swift */; };
		0905E8A620F2C8F200D1ED41 /* Main.storyboard in Resources */ = {isa = PBXBuildFile; fileRef = 0905E8A420F2C8F200D1ED41 /* Main.storyboard */; };
		0905E8A820F2C8F200D1ED41 /* Assets.xcassets in Resources */ = {isa = PBXBuildFile; fileRef = 0905E8A720F2C8F200D1ED41 /* Assets.xcassets */; };
		0905E8AB20F2C8F200D1ED41 /* LaunchScreen.storyboard in Resources */ = {isa = PBXBuildFile; fileRef = 0905E8A920F2C8F200D1ED41 /* LaunchScreen.storyboard */; };
		0905E8B720F2C93000D1ED41 /* ListTableViewController.swift in Sources */ = {isa = PBXBuildFile; fileRef = 0905E8B620F2C93000D1ED41 /* ListTableViewController.swift */; };
		0905E8BA20F2C99B00D1ED41 /* Reusable.swift in Sources */ = {isa = PBXBuildFile; fileRef = 0905E8B920F2C99B00D1ED41 /* Reusable.swift */; };
		0905E8BC20F2C9B300D1ED41 /* Searchable.swift in Sources */ = {isa = PBXBuildFile; fileRef = 0905E8BB20F2C9B300D1ED41 /* Searchable.swift */; };
		0905E8C120F2CA4B00D1ED41 /* BaseCollectionViewCell.swift in Sources */ = {isa = PBXBuildFile; fileRef = 0905E8C020F2CA4B00D1ED41 /* BaseCollectionViewCell.swift */; };
		0905E8C320F2CA6200D1ED41 /* BaseCollectionViewSearchController.swift in Sources */ = {isa = PBXBuildFile; fileRef = 0905E8C220F2CA6200D1ED41 /* BaseCollectionViewSearchController.swift */; };
		0905E8C520F2CA7A00D1ED41 /* GenericCollectionViewDataSource.swift in Sources */ = {isa = PBXBuildFile; fileRef = 0905E8C420F2CA7A00D1ED41 /* GenericCollectionViewDataSource.swift */; };
		0905E8C720F2CAC100D1ED41 /* BaseTableViewSearchController.swift in Sources */ = {isa = PBXBuildFile; fileRef = 0905E8C620F2CAC100D1ED41 /* BaseTableViewSearchController.swift */; };
		0905E8C920F2CAD300D1ED41 /* BaseTableViewCell.swift in Sources */ = {isa = PBXBuildFile; fileRef = 0905E8C820F2CAD300D1ED41 /* BaseTableViewCell.swift */; };
		0905E8CB20F2CAF600D1ED41 /* GenericTableViewDataSource.swift in Sources */ = {isa = PBXBuildFile; fileRef = 0905E8CA20F2CAF600D1ED41 /* GenericTableViewDataSource.swift */; };
		0905E8CE20F2EAAA00D1ED41 /* SoccerPlayer.swift in Sources */ = {isa = PBXBuildFile; fileRef = 0905E8CD20F2EAAA00D1ED41 /* SoccerPlayer.swift */; };
/* End PBXBuildFile section */

/* Begin PBXFileReference section */
		0905E89D20F2C8F200D1ED41 /* GenericBaseContollers.app */ = {isa = PBXFileReference; explicitFileType = wrapper.application; includeInIndex = 0; path = GenericBaseContollers.app; sourceTree = BUILT_PRODUCTS_DIR; };
		0905E8A020F2C8F200D1ED41 /* AppDelegate.swift */ = {isa = PBXFileReference; lastKnownFileType = sourcecode.swift; path = AppDelegate.swift; sourceTree = "<group>"; };
		0905E8A220F2C8F200D1ED41 /* ViewController.swift */ = {isa = PBXFileReference; lastKnownFileType = sourcecode.swift; path = ViewController.swift; sourceTree = "<group>"; };
		0905E8A520F2C8F200D1ED41 /* Base */ = {isa = PBXFileReference; lastKnownFileType = file.storyboard; name = Base; path = Base.lproj/Main.storyboard; sourceTree = "<group>"; };
		0905E8A720F2C8F200D1ED41 /* Assets.xcassets */ = {isa = PBXFileReference; lastKnownFileType = folder.assetcatalog; path = Assets.xcassets; sourceTree = "<group>"; };
		0905E8AA20F2C8F200D1ED41 /* Base */ = {isa = PBXFileReference; lastKnownFileType = file.storyboard; name = Base; path = Base.lproj/LaunchScreen.storyboard; sourceTree = "<group>"; };
		0905E8AC20F2C8F200D1ED41 /* Info.plist */ = {isa = PBXFileReference; lastKnownFileType = text.plist.xml; path = Info.plist; sourceTree = "<group>"; };
		0905E8B620F2C93000D1ED41 /* ListTableViewController.swift */ = {isa = PBXFileReference; lastKnownFileType = sourcecode.swift; path = ListTableViewController.swift; sourceTree = "<group>"; };
		0905E8B920F2C99B00D1ED41 /* Reusable.swift */ = {isa = PBXFileReference; lastKnownFileType = sourcecode.swift; path = Reusable.swift; sourceTree = "<group>"; };
		0905E8BB20F2C9B300D1ED41 /* Searchable.swift */ = {isa = PBXFileReference; lastKnownFileType = sourcecode.swift; path = Searchable.swift; sourceTree = "<group>"; };
		0905E8C020F2CA4B00D1ED41 /* BaseCollectionViewCell.swift */ = {isa = PBXFileReference; lastKnownFileType = sourcecode.swift; path = BaseCollectionViewCell.swift; sourceTree = "<group>"; };
		0905E8C220F2CA6200D1ED41 /* BaseCollectionViewSearchController.swift */ = {isa = PBXFileReference; lastKnownFileType = sourcecode.swift; path = BaseCollectionViewSearchController.swift; sourceTree = "<group>"; };
		0905E8C420F2CA7A00D1ED41 /* GenericCollectionViewDataSource.swift */ = {isa = PBXFileReference; lastKnownFileType = sourcecode.swift; path = GenericCollectionViewDataSource.swift; sourceTree = "<group>"; };
		0905E8C620F2CAC100D1ED41 /* BaseTableViewSearchController.swift */ = {isa = PBXFileReference; lastKnownFileType = sourcecode.swift; path = BaseTableViewSearchController.swift; sourceTree = "<group>"; };
		0905E8C820F2CAD300D1ED41 /* BaseTableViewCell.swift */ = {isa = PBXFileReference; lastKnownFileType = sourcecode.swift; path = BaseTableViewCell.swift; sourceTree = "<group>"; };
		0905E8CA20F2CAF600D1ED41 /* GenericTableViewDataSource.swift */ = {isa = PBXFileReference; lastKnownFileType = sourcecode.swift; path = GenericTableViewDataSource.swift; sourceTree = "<group>"; };
		0905E8CD20F2EAAA00D1ED41 /* SoccerPlayer.swift */ = {isa = PBXFileReference; lastKnownFileType = sourcecode.swift; name = SoccerPlayer.swift; path = GenericBaseContollers/GenericModels/TableView/SoccerPlayer.swift; sourceTree = SOURCE_ROOT; };
/* End PBXFileReference section */

/* Begin PBXFrameworksBuildPhase section */
		0905E89A20F2C8F200D1ED41 /* Frameworks */ = {
			isa = PBXFrameworksBuildPhase;
			buildActionMask = 2147483647;
			files = (
			);
			runOnlyForDeploymentPostprocessing = 0;
		};
/* End PBXFrameworksBuildPhase section */

/* Begin PBXGroup section */
		0905E89420F2C8F100D1ED41 = {
			isa = PBXGroup;
			children = (
				0905E89F20F2C8F200D1ED41 /* GenericBaseContollers */,
				0905E89E20F2C8F200D1ED41 /* Products */,
			);
			sourceTree = "<group>";
		};
		0905E89E20F2C8F200D1ED41 /* Products */ = {
			isa = PBXGroup;
			children = (
				0905E89D20F2C8F200D1ED41 /* GenericBaseContollers.app */,
			);
			name = Products;
			sourceTree = "<group>";
		};
		0905E89F20F2C8F200D1ED41 /* GenericBaseContollers */ = {
			isa = PBXGroup;
			children = (
				0905E8A020F2C8F200D1ED41 /* AppDelegate.swift */,
				0905E8B620F2C93000D1ED41 /* ListTableViewController.swift */,
				0905E8CC20F2EAA000D1ED41 /* Models */,
				0905E8BD20F2C9D200D1ED41 /* GenericModels */,
				0905E8B820F2C99100D1ED41 /* Protocols */,
				0905E8A220F2C8F200D1ED41 /* ViewController.swift */,
				0905E8A420F2C8F200D1ED41 /* Main.storyboard */,
				0905E8A720F2C8F200D1ED41 /* Assets.xcassets */,
				0905E8A920F2C8F200D1ED41 /* LaunchScreen.storyboard */,
				0905E8AC20F2C8F200D1ED41 /* Info.plist */,
			);
			path = GenericBaseContollers;
			sourceTree = "<group>";
		};
		0905E8B820F2C99100D1ED41 /* Protocols */ = {
			isa = PBXGroup;
			children = (
				0905E8B920F2C99B00D1ED41 /* Reusable.swift */,
				0905E8BB20F2C9B300D1ED41 /* Searchable.swift */,
			);
			path = Protocols;
			sourceTree = "<group>";
		};
		0905E8BD20F2C9D200D1ED41 /* GenericModels */ = {
			isa = PBXGroup;
			children = (
				0905E8BF20F2C9F500D1ED41 /* TableView */,
				0905E8BE20F2C9E800D1ED41 /* CollectionView */,
			);
			path = GenericModels;
			sourceTree = "<group>";
		};
		0905E8BE20F2C9E800D1ED41 /* CollectionView */ = {
			isa = PBXGroup;
			children = (
				0905E8C020F2CA4B00D1ED41 /* BaseCollectionViewCell.swift */,
				0905E8C220F2CA6200D1ED41 /* BaseCollectionViewSearchController.swift */,
				0905E8C420F2CA7A00D1ED41 /* GenericCollectionViewDataSource.swift */,
			);
			path = CollectionView;
			sourceTree = "<group>";
		};
		0905E8BF20F2C9F500D1ED41 /* TableView */ = {
			isa = PBXGroup;
			children = (
				0905E8C620F2CAC100D1ED41 /* BaseTableViewSearchController.swift */,
				0905E8C820F2CAD300D1ED41 /* BaseTableViewCell.swift */,
				0905E8CA20F2CAF600D1ED41 /* GenericTableViewDataSource.swift */,
			);
			path = TableView;
			sourceTree = "<group>";
		};
		0905E8CC20F2EAA000D1ED41 /* Models */ = {
			isa = PBXGroup;
			children = (
				0905E8CD20F2EAAA00D1ED41 /* SoccerPlayer.swift */,
			);
			path = Models;
			sourceTree = "<group>";
		};
/* End PBXGroup section */

/* Begin PBXNativeTarget section */
		0905E89C20F2C8F200D1ED41 /* GenericBaseContollers */ = {
			isa = PBXNativeTarget;
			buildConfigurationList = 0905E8AF20F2C8F200D1ED41 /* Build configuration list for PBXNativeTarget "GenericBaseContollers" */;
			buildPhases = (
				0905E89920F2C8F200D1ED41 /* Sources */,
				0905E89A20F2C8F200D1ED41 /* Frameworks */,
				0905E89B20F2C8F200D1ED41 /* Resources */,
			);
			buildRules = (
			);
			dependencies = (
			);
			name = GenericBaseContollers;
			productName = GenericBaseContollers;
			productReference = 0905E89D20F2C8F200D1ED41 /* GenericBaseContollers.app */;
			productType = "com.apple.product-type.application";
		};
/* End PBXNativeTarget section */

/* Begin PBXProject section */
		0905E89520F2C8F100D1ED41 /* Project object */ = {
			isa = PBXProject;
			attributes = {
				LastSwiftUpdateCheck = 0940;
				LastUpgradeCheck = 0940;
				ORGANIZATIONNAME = "James Rochabrun";
				TargetAttributes = {
					0905E89C20F2C8F200D1ED41 = {
						CreatedOnToolsVersion = 9.4.1;
					};
				};
			};
			buildConfigurationList = 0905E89820F2C8F100D1ED41 /* Build configuration list for PBXProject "GenericBaseContollers" */;
			compatibilityVersion = "Xcode 9.3";
			developmentRegion = en;
			hasScannedForEncodings = 0;
			knownRegions = (
				en,
				Base,
			);
			mainGroup = 0905E89420F2C8F100D1ED41;
			productRefGroup = 0905E89E20F2C8F200D1ED41 /* Products */;
			projectDirPath = "";
			projectRoot = "";
			targets = (
				0905E89C20F2C8F200D1ED41 /* GenericBaseContollers */,
			);
		};
/* End PBXProject section */

/* Begin PBXResourcesBuildPhase section */
		0905E89B20F2C8F200D1ED41 /* Resources */ = {
			isa = PBXResourcesBuildPhase;
			buildActionMask = 2147483647;
			files = (
				0905E8AB20F2C8F200D1ED41 /* LaunchScreen.storyboard in Resources */,
				0905E8A820F2C8F200D1ED41 /* Assets.xcassets in Resources */,
				0905E8A620F2C8F200D1ED41 /* Main.storyboard in Resources */,
			);
			runOnlyForDeploymentPostprocessing = 0;
		};
/* End PBXResourcesBuildPhase section */

/* Begin PBXSourcesBuildPhase section */
		0905E89920F2C8F200D1ED41 /* Sources */ = {
			isa = PBXSourcesBuildPhase;
			buildActionMask = 2147483647;
			files = (
				0905E8C320F2CA6200D1ED41 /* BaseCollectionViewSearchController.swift in Sources */,
				0905E8BA20F2C99B00D1ED41 /* Reusable.swift in Sources */,
				0905E8B720F2C93000D1ED41 /* ListTableViewController.swift in Sources */,
				0905E8A320F2C8F200D1ED41 /* ViewController.swift in Sources */,
				0905E8A120F2C8F200D1ED41 /* AppDelegate.swift in Sources */,
				0905E8CE20F2EAAA00D1ED41 /* SoccerPlayer.swift in Sources */,
				0905E8CB20F2CAF600D1ED41 /* GenericTableViewDataSource.swift in Sources */,
				0905E8BC20F2C9B300D1ED41 /* Searchable.swift in Sources */,
				0905E8C120F2CA4B00D1ED41 /* BaseCollectionViewCell.swift in Sources */,
				0905E8C520F2CA7A00D1ED41 /* GenericCollectionViewDataSource.swift in Sources */,
				0905E8C920F2CAD300D1ED41 /* BaseTableViewCell.swift in Sources */,
				0905E8C720F2CAC100D1ED41 /* BaseTableViewSearchController.swift in Sources */,
			);
			runOnlyForDeploymentPostprocessing = 0;
		};
/* End PBXSourcesBuildPhase section */

/* Begin PBXVariantGroup section */
		0905E8A420F2C8F200D1ED41 /* Main.storyboard */ = {
			isa = PBXVariantGroup;
			children = (
				0905E8A520F2C8F200D1ED41 /* Base */,
			);
			name = Main.storyboard;
			sourceTree = "<group>";
		};
		0905E8A920F2C8F200D1ED41 /* LaunchScreen.storyboard */ = {
			isa = PBXVariantGroup;
			children = (
				0905E8AA20F2C8F200D1ED41 /* Base */,
			);
			name = LaunchScreen.storyboard;
			sourceTree = "<group>";
		};
/* End PBXVariantGroup section */

/* Begin XCBuildConfiguration section */
		0905E8AD20F2C8F200D1ED41 /* Debug */ = {
			isa = XCBuildConfiguration;
			buildSettings = {
				ALWAYS_SEARCH_USER_PATHS = NO;
				CLANG_ANALYZER_NONNULL = YES;
				CLANG_ANALYZER_NUMBER_OBJECT_CONVERSION = YES_AGGRESSIVE;
				CLANG_CXX_LANGUAGE_STANDARD = "gnu++14";
				CLANG_CXX_LIBRARY = "libc++";
				CLANG_ENABLE_MODULES = YES;
				CLANG_ENABLE_OBJC_ARC = YES;
				CLANG_ENABLE_OBJC_WEAK = YES;
				CLANG_WARN_BLOCK_CAPTURE_AUTORELEASING = YES;
				CLANG_WARN_BOOL_CONVERSION = YES;
				CLANG_WARN_COMMA = YES;
				CLANG_WARN_CONSTANT_CONVERSION = YES;
				CLANG_WARN_DEPRECATED_OBJC_IMPLEMENTATIONS = YES;
				CLANG_WARN_DIRECT_OBJC_ISA_USAGE = YES_ERROR;
				CLANG_WARN_DOCUMENTATION_COMMENTS = YES;
				CLANG_WARN_EMPTY_BODY = YES;
				CLANG_WARN_ENUM_CONVERSION = YES;
				CLANG_WARN_INFINITE_RECURSION = YES;
				CLANG_WARN_INT_CONVERSION = YES;
				CLANG_WARN_NON_LITERAL_NULL_CONVERSION = YES;
				CLANG_WARN_OBJC_IMPLICIT_RETAIN_SELF = YES;
				CLANG_WARN_OBJC_LITERAL_CONVERSION = YES;
				CLANG_WARN_OBJC_ROOT_CLASS = YES_ERROR;
				CLANG_WARN_RANGE_LOOP_ANALYSIS = YES;
				CLANG_WARN_STRICT_PROTOTYPES = YES;
				CLANG_WARN_SUSPICIOUS_MOVE = YES;
				CLANG_WARN_UNGUARDED_AVAILABILITY = YES_AGGRESSIVE;
				CLANG_WARN_UNREACHABLE_CODE = YES;
				CLANG_WARN__DUPLICATE_METHOD_MATCH = YES;
				CODE_SIGN_IDENTITY = "iPhone Developer";
				COPY_PHASE_STRIP = NO;
				DEBUG_INFORMATION_FORMAT = dwarf;
				ENABLE_STRICT_OBJC_MSGSEND = YES;
				ENABLE_TESTABILITY = YES;
				GCC_C_LANGUAGE_STANDARD = gnu11;
				GCC_DYNAMIC_NO_PIC = NO;
				GCC_NO_COMMON_BLOCKS = YES;
				GCC_OPTIMIZATION_LEVEL = 0;
				GCC_PREPROCESSOR_DEFINITIONS = (
					"DEBUG=1",
					"$(inherited)",
				);
				GCC_WARN_64_TO_32_BIT_CONVERSION = YES;
				GCC_WARN_ABOUT_RETURN_TYPE = YES_ERROR;
				GCC_WARN_UNDECLARED_SELECTOR = YES;
				GCC_WARN_UNINITIALIZED_AUTOS = YES_AGGRESSIVE;
				GCC_WARN_UNUSED_FUNCTION = YES;
				GCC_WARN_UNUSED_VARIABLE = YES;
				IPHONEOS_DEPLOYMENT_TARGET = 11.4;
				MTL_ENABLE_DEBUG_INFO = YES;
				ONLY_ACTIVE_ARCH = YES;
				SDKROOT = iphoneos;
				SWIFT_ACTIVE_COMPILATION_CONDITIONS = DEBUG;
				SWIFT_OPTIMIZATION_LEVEL = "-Onone";
			};
			name = Debug;
		};
		0905E8AE20F2C8F200D1ED41 /* Release */ = {
			isa = XCBuildConfiguration;
			buildSettings = {
				ALWAYS_SEARCH_USER_PATHS = NO;
				CLANG_ANALYZER_NONNULL = YES;
				CLANG_ANALYZER_NUMBER_OBJECT_CONVERSION = YES_AGGRESSIVE;
				CLANG_CXX_LANGUAGE_STANDARD = "gnu++14";
				CLANG_CXX_LIBRARY = "libc++";
				CLANG_ENABLE_MODULES = YES;
				CLANG_ENABLE_OBJC_ARC = YES;
				CLANG_ENABLE_OBJC_WEAK = YES;
				CLANG_WARN_BLOCK_CAPTURE_AUTORELEASING = YES;
				CLANG_WARN_BOOL_CONVERSION = YES;
				CLANG_WARN_COMMA = YES;
				CLANG_WARN_CONSTANT_CONVERSION = YES;
				CLANG_WARN_DEPRECATED_OBJC_IMPLEMENTATIONS = YES;
				CLANG_WARN_DIRECT_OBJC_ISA_USAGE = YES_ERROR;
				CLANG_WARN_DOCUMENTATION_COMMENTS = YES;
				CLANG_WARN_EMPTY_BODY = YES;
				CLANG_WARN_ENUM_CONVERSION = YES;
				CLANG_WARN_INFINITE_RECURSION = YES;
				CLANG_WARN_INT_CONVERSION = YES;
				CLANG_WARN_NON_LITERAL_NULL_CONVERSION = YES;
				CLANG_WARN_OBJC_IMPLICIT_RETAIN_SELF = YES;
				CLANG_WARN_OBJC_LITERAL_CONVERSION = YES;
				CLANG_WARN_OBJC_ROOT_CLASS = YES_ERROR;
				CLANG_WARN_RANGE_LOOP_ANALYSIS = YES;
				CLANG_WARN_STRICT_PROTOTYPES = YES;
				CLANG_WARN_SUSPICIOUS_MOVE = YES;
				CLANG_WARN_UNGUARDED_AVAILABILITY = YES_AGGRESSIVE;
				CLANG_WARN_UNREACHABLE_CODE = YES;
				CLANG_WARN__DUPLICATE_METHOD_MATCH = YES;
				CODE_SIGN_IDENTITY = "iPhone Developer";
				COPY_PHASE_STRIP = NO;
				DEBUG_INFORMATION_FORMAT = "dwarf-with-dsym";
				ENABLE_NS_ASSERTIONS = NO;
				ENABLE_STRICT_OBJC_MSGSEND = YES;
				GCC_C_LANGUAGE_STANDARD = gnu11;
				GCC_NO_COMMON_BLOCKS = YES;
				GCC_WARN_64_TO_32_BIT_CONVERSION = YES;
				GCC_WARN_ABOUT_RETURN_TYPE = YES_ERROR;
				GCC_WARN_UNDECLARED_SELECTOR = YES;
				GCC_WARN_UNINITIALIZED_AUTOS = YES_AGGRESSIVE;
				GCC_WARN_UNUSED_FUNCTION = YES;
				GCC_WARN_UNUSED_VARIABLE = YES;
				IPHONEOS_DEPLOYMENT_TARGET = 11.4;
				MTL_ENABLE_DEBUG_INFO = NO;
				SDKROOT = iphoneos;
				SWIFT_COMPILATION_MODE = wholemodule;
				SWIFT_OPTIMIZATION_LEVEL = "-O";
				VALIDATE_PRODUCT = YES;
			};
			name = Release;
		};
		0905E8B020F2C8F200D1ED41 /* Debug */ = {
			isa = XCBuildConfiguration;
			buildSettings = {
				ASSETCATALOG_COMPILER_APPICON_NAME = AppIcon;
				CODE_SIGN_STYLE = Automatic;
				DEVELOPMENT_TEAM = CQ45U4X9K3;
				INFOPLIST_FILE = GenericBaseContollers/Info.plist;
				LD_RUNPATH_SEARCH_PATHS = (
					"$(inherited)",
					"@executable_path/Frameworks",
				);
				PRODUCT_BUNDLE_IDENTIFIER = com.swiftlintappexample.GenericBaseContollers;
				PRODUCT_NAME = "$(TARGET_NAME)";
				SWIFT_VERSION = 4.0;
				TARGETED_DEVICE_FAMILY = "1,2";
			};
			name = Debug;
		};
		0905E8B120F2C8F200D1ED41 /* Release */ = {
			isa = XCBuildConfiguration;
			buildSettings = {
				ASSETCATALOG_COMPILER_APPICON_NAME = AppIcon;
				CODE_SIGN_STYLE = Automatic;
				DEVELOPMENT_TEAM = CQ45U4X9K3;
				INFOPLIST_FILE = GenericBaseContollers/Info.plist;
				LD_RUNPATH_SEARCH_PATHS = (
					"$(inherited)",
					"@executable_path/Frameworks",
				);
				PRODUCT_BUNDLE_IDENTIFIER = com.swiftlintappexample.GenericBaseContollers;
				PRODUCT_NAME = "$(TARGET_NAME)";
				SWIFT_VERSION = 4.0;
				TARGETED_DEVICE_FAMILY = "1,2";
			};
			name = Release;
		};
/* End XCBuildConfiguration section */

/* Begin XCConfigurationList section */
		0905E89820F2C8F100D1ED41 /* Build configuration list for PBXProject "GenericBaseContollers" */ = {
			isa = XCConfigurationList;
			buildConfigurations = (
				0905E8AD20F2C8F200D1ED41 /* Debug */,
				0905E8AE20F2C8F200D1ED41 /* Release */,
			);
			defaultConfigurationIsVisible = 0;
			defaultConfigurationName = Release;
		};
		0905E8AF20F2C8F200D1ED41 /* Build configuration list for PBXNativeTarget "GenericBaseContollers" */ = {
			isa = XCConfigurationList;
			buildConfigurations = (
				0905E8B020F2C8F200D1ED41 /* Debug */,
				0905E8B120F2C8F200D1ED41 /* Release */,
			);
			defaultConfigurationIsVisible = 0;
			defaultConfigurationName = Release;
		};
/* End XCConfigurationList section */
	};
	rootObject = 0905E89520F2C8F100D1ED41 /* Project object */;
}
